// !$*UTF8*$!
{
	archiveVersion = 1;
	classes = {
	};
	objectVersion = 50;
	objects = {

/* Begin PBXBuildFile section */
		E9A68D2124EB1643008403BA /* SplashViewController.swift in Sources */ = {isa = PBXBuildFile; fileRef = E9A68D2024EB1643008403BA /* SplashViewController.swift */; };
		E9A68D2624EB1645008403BA /* Assets.xcassets in Resources */ = {isa = PBXBuildFile; fileRef = E9A68D2524EB1645008403BA /* Assets.xcassets */; };
		E9A68D3424EB1645008403BA /* NumbersTests.swift in Sources */ = {isa = PBXBuildFile; fileRef = E9A68D3324EB1645008403BA /* NumbersTests.swift */; };
		E9A68D4524EB1819008403BA /* LaunchScreen.storyboard in Resources */ = {isa = PBXBuildFile; fileRef = E9A68D4324EB1819008403BA /* LaunchScreen.storyboard */; };
		E9A68D4824EB183B008403BA /* Main.storyboard in Resources */ = {isa = PBXBuildFile; fileRef = E9A68D4624EB183A008403BA /* Main.storyboard */; };
		E9A68D4A24EB199D008403BA /* NumbersAppDelegate.swift in Sources */ = {isa = PBXBuildFile; fileRef = E9A68D4924EB199D008403BA /* NumbersAppDelegate.swift */; };
		E9A68D4C24EB19AD008403BA /* NumbersAppInitializer.swift in Sources */ = {isa = PBXBuildFile; fileRef = E9A68D4B24EB19AD008403BA /* NumbersAppInitializer.swift */; };
		E9A68D4E24EB19C0008403BA /* NumbersAppPresenter.swift in Sources */ = {isa = PBXBuildFile; fileRef = E9A68D4D24EB19C0008403BA /* NumbersAppPresenter.swift */; };
		E9A68D5224EB1A29008403BA /* NumbersAppFactory.swift in Sources */ = {isa = PBXBuildFile; fileRef = E9A68D5124EB1A28008403BA /* NumbersAppFactory.swift */; };
		E9A68D5724EB1A5D008403BA /* NetworkingComponents.swift in Sources */ = {isa = PBXBuildFile; fileRef = E9A68D5624EB1A5D008403BA /* NetworkingComponents.swift */; };
		E9A68D5924EB1A85008403BA /* Components.swift in Sources */ = {isa = PBXBuildFile; fileRef = E9A68D5824EB1A85008403BA /* Components.swift */; };
		E9A68D5F24EB1D2A008403BA /* ExploreViewController.swift in Sources */ = {isa = PBXBuildFile; fileRef = E9A68D5E24EB1D2A008403BA /* ExploreViewController.swift */; };
		E9A68D6124EB1D34008403BA /* ExplorePresenter.swift in Sources */ = {isa = PBXBuildFile; fileRef = E9A68D6024EB1D34008403BA /* ExplorePresenter.swift */; };
		E9A68D6324EB1D3B008403BA /* ExploreWireframe.swift in Sources */ = {isa = PBXBuildFile; fileRef = E9A68D6224EB1D3B008403BA /* ExploreWireframe.swift */; };
		E9A68D6524EB1D44008403BA /* ExploreInterfaces.swift in Sources */ = {isa = PBXBuildFile; fileRef = E9A68D6424EB1D44008403BA /* ExploreInterfaces.swift */; };
		E9A68D6724EB1F3A008403BA /* ReachabilityService.swift in Sources */ = {isa = PBXBuildFile; fileRef = E9A68D6624EB1F3A008403BA /* ReachabilityService.swift */; };
		E9A68D6A24EB2F92008403BA /* Reachability.m in Sources */ = {isa = PBXBuildFile; fileRef = E9A68D6924EB2F92008403BA /* Reachability.m */; };
		E9A68D6D24EB3070008403BA /* ReachabilityDefault.swift in Sources */ = {isa = PBXBuildFile; fileRef = E9A68D6C24EB3070008403BA /* ReachabilityDefault.swift */; };
		E9A68D7024EB353E008403BA /* Notifier.swift in Sources */ = {isa = PBXBuildFile; fileRef = E9A68D6F24EB353E008403BA /* Notifier.swift */; };
		E9A68D7224EB39DE008403BA /* ApplicationProtocols.swift in Sources */ = {isa = PBXBuildFile; fileRef = E9A68D7124EB39DE008403BA /* ApplicationProtocols.swift */; };
		E9A68D7424EB3B13008403BA /* NumbersAppWireframe.swift in Sources */ = {isa = PBXBuildFile; fileRef = E9A68D7324EB3B13008403BA /* NumbersAppWireframe.swift */; };
		E9A68D7624EB3B6A008403BA /* Handlers.swift in Sources */ = {isa = PBXBuildFile; fileRef = E9A68D7524EB3B6A008403BA /* Handlers.swift */; };
		E9A68D7824EB3EE5008403BA /* Application.swift in Sources */ = {isa = PBXBuildFile; fileRef = E9A68D7724EB3EE5008403BA /* Application.swift */; };
		E9A68D7A24EB3EF7008403BA /* main.swift in Sources */ = {isa = PBXBuildFile; fileRef = E9A68D7924EB3EF7008403BA /* main.swift */; };
/* End PBXBuildFile section */

/* Begin PBXContainerItemProxy section */
		E9A68D3024EB1645008403BA /* PBXContainerItemProxy */ = {
			isa = PBXContainerItemProxy;
			containerPortal = E9A68D1124EB1643008403BA /* Project object */;
			proxyType = 1;
			remoteGlobalIDString = E9A68D1824EB1643008403BA;
			remoteInfo = Numbers;
		};
/* End PBXContainerItemProxy section */

/* Begin PBXFileReference section */
		E9A68D1924EB1643008403BA /* Numbers.app */ = {isa = PBXFileReference; explicitFileType = wrapper.application; includeInIndex = 0; path = Numbers.app; sourceTree = BUILT_PRODUCTS_DIR; };
		E9A68D2024EB1643008403BA /* SplashViewController.swift */ = {isa = PBXFileReference; lastKnownFileType = sourcecode.swift; name = SplashViewController.swift; path = ../SplashViewController.swift; sourceTree = "<group>"; };
		E9A68D2524EB1645008403BA /* Assets.xcassets */ = {isa = PBXFileReference; lastKnownFileType = folder.assetcatalog; path = Assets.xcassets; sourceTree = "<group>"; };
		E9A68D2A24EB1645008403BA /* Info.plist */ = {isa = PBXFileReference; lastKnownFileType = text.plist.xml; path = Info.plist; sourceTree = "<group>"; };
		E9A68D2F24EB1645008403BA /* NumbersTests.xctest */ = {isa = PBXFileReference; explicitFileType = wrapper.cfbundle; includeInIndex = 0; path = NumbersTests.xctest; sourceTree = BUILT_PRODUCTS_DIR; };
		E9A68D3324EB1645008403BA /* NumbersTests.swift */ = {isa = PBXFileReference; lastKnownFileType = sourcecode.swift; path = NumbersTests.swift; sourceTree = "<group>"; };
		E9A68D3524EB1645008403BA /* Info.plist */ = {isa = PBXFileReference; lastKnownFileType = text.plist.xml; path = Info.plist; sourceTree = "<group>"; };
		E9A68D4424EB1819008403BA /* Base */ = {isa = PBXFileReference; lastKnownFileType = file.storyboard; name = Base; path = Numbers/Base.lproj/LaunchScreen.storyboard; sourceTree = SOURCE_ROOT; };
		E9A68D4724EB183A008403BA /* Base */ = {isa = PBXFileReference; lastKnownFileType = file.storyboard; name = Base; path = Numbers/Base.lproj/Main.storyboard; sourceTree = SOURCE_ROOT; };
		E9A68D4924EB199D008403BA /* NumbersAppDelegate.swift */ = {isa = PBXFileReference; fileEncoding = 4; lastKnownFileType = sourcecode.swift; path = NumbersAppDelegate.swift; sourceTree = "<group>"; };
		E9A68D4B24EB19AD008403BA /* NumbersAppInitializer.swift */ = {isa = PBXFileReference; lastKnownFileType = sourcecode.swift; path = NumbersAppInitializer.swift; sourceTree = "<group>"; };
		E9A68D4D24EB19C0008403BA /* NumbersAppPresenter.swift */ = {isa = PBXFileReference; lastKnownFileType = sourcecode.swift; path = NumbersAppPresenter.swift; sourceTree = "<group>"; };
		E9A68D5124EB1A28008403BA /* NumbersAppFactory.swift */ = {isa = PBXFileReference; lastKnownFileType = sourcecode.swift; path = NumbersAppFactory.swift; sourceTree = "<group>"; };
		E9A68D5624EB1A5D008403BA /* NetworkingComponents.swift */ = {isa = PBXFileReference; lastKnownFileType = sourcecode.swift; path = NetworkingComponents.swift; sourceTree = "<group>"; };
		E9A68D5824EB1A85008403BA /* Components.swift */ = {isa = PBXFileReference; lastKnownFileType = sourcecode.swift; path = Components.swift; sourceTree = "<group>"; };
		E9A68D5E24EB1D2A008403BA /* ExploreViewController.swift */ = {isa = PBXFileReference; lastKnownFileType = sourcecode.swift; path = ExploreViewController.swift; sourceTree = "<group>"; };
		E9A68D6024EB1D34008403BA /* ExplorePresenter.swift */ = {isa = PBXFileReference; lastKnownFileType = sourcecode.swift; path = ExplorePresenter.swift; sourceTree = "<group>"; };
		E9A68D6224EB1D3B008403BA /* ExploreWireframe.swift */ = {isa = PBXFileReference; lastKnownFileType = sourcecode.swift; path = ExploreWireframe.swift; sourceTree = "<group>"; };
		E9A68D6424EB1D44008403BA /* ExploreInterfaces.swift */ = {isa = PBXFileReference; lastKnownFileType = sourcecode.swift; path = ExploreInterfaces.swift; sourceTree = "<group>"; };
		E9A68D6624EB1F3A008403BA /* ReachabilityService.swift */ = {isa = PBXFileReference; lastKnownFileType = sourcecode.swift; path = ReachabilityService.swift; sourceTree = "<group>"; };
		E9A68D6824EB2F91008403BA /* Numbers-Bridging-Header.h */ = {isa = PBXFileReference; lastKnownFileType = sourcecode.c.h; path = "Numbers-Bridging-Header.h"; sourceTree = "<group>"; };
		E9A68D6924EB2F92008403BA /* Reachability.m */ = {isa = PBXFileReference; lastKnownFileType = sourcecode.c.objc; path = Reachability.m; sourceTree = "<group>"; };
		E9A68D6B24EB2FD6008403BA /* Reachability.h */ = {isa = PBXFileReference; lastKnownFileType = sourcecode.c.h; path = Reachability.h; sourceTree = "<group>"; };
		E9A68D6C24EB3070008403BA /* ReachabilityDefault.swift */ = {isa = PBXFileReference; lastKnownFileType = sourcecode.swift; path = ReachabilityDefault.swift; sourceTree = "<group>"; };
		E9A68D6F24EB353E008403BA /* Notifier.swift */ = {isa = PBXFileReference; lastKnownFileType = sourcecode.swift; path = Notifier.swift; sourceTree = "<group>"; };
		E9A68D7124EB39DE008403BA /* ApplicationProtocols.swift */ = {isa = PBXFileReference; lastKnownFileType = sourcecode.swift; path = ApplicationProtocols.swift; sourceTree = "<group>"; };
		E9A68D7324EB3B13008403BA /* NumbersAppWireframe.swift */ = {isa = PBXFileReference; lastKnownFileType = sourcecode.swift; path = NumbersAppWireframe.swift; sourceTree = "<group>"; };
		E9A68D7524EB3B6A008403BA /* Handlers.swift */ = {isa = PBXFileReference; lastKnownFileType = sourcecode.swift; path = Handlers.swift; sourceTree = "<group>"; };
		E9A68D7724EB3EE5008403BA /* Application.swift */ = {isa = PBXFileReference; lastKnownFileType = sourcecode.swift; path = Application.swift; sourceTree = "<group>"; };
		E9A68D7924EB3EF7008403BA /* main.swift */ = {isa = PBXFileReference; lastKnownFileType = sourcecode.swift; path = main.swift; sourceTree = "<group>"; };
/* End PBXFileReference section */

/* Begin PBXFrameworksBuildPhase section */
		E9A68D1624EB1643008403BA /* Frameworks */ = {
			isa = PBXFrameworksBuildPhase;
			buildActionMask = 2147483647;
			files = (
			);
			runOnlyForDeploymentPostprocessing = 0;
		};
		E9A68D2C24EB1645008403BA /* Frameworks */ = {
			isa = PBXFrameworksBuildPhase;
			buildActionMask = 2147483647;
			files = (
			);
			runOnlyForDeploymentPostprocessing = 0;
		};
/* End PBXFrameworksBuildPhase section */

/* Begin PBXGroup section */
		E9A68D1024EB1643008403BA = {
			isa = PBXGroup;
			children = (
				E9A68D1B24EB1643008403BA /* Numbers */,
				E9A68D3224EB1645008403BA /* NumbersTests */,
				E9A68D1A24EB1643008403BA /* Products */,
			);
			sourceTree = "<group>";
		};
		E9A68D1A24EB1643008403BA /* Products */ = {
			isa = PBXGroup;
			children = (
				E9A68D1924EB1643008403BA /* Numbers.app */,
				E9A68D2F24EB1645008403BA /* NumbersTests.xctest */,
			);
			name = Products;
			sourceTree = "<group>";
		};
		E9A68D1B24EB1643008403BA /* Numbers */ = {
			isa = PBXGroup;
			children = (
				E9A68D4224EB17D2008403BA /* Application */,
				E9A68D4024EB17AB008403BA /* DataLayer */,
				E9A68D3E24EB1780008403BA /* Presentation */,
				E9A68D3F24EB1789008403BA /* Services */,
				E9A68D6E24EB3531008403BA /* Utilities */,
				E9A68D4124EB17CA008403BA /* External */,
				E9A68D2524EB1645008403BA /* Assets.xcassets */,
				E9A68D2A24EB1645008403BA /* Info.plist */,
			);
			path = Numbers;
			sourceTree = "<group>";
		};
		E9A68D3224EB1645008403BA /* NumbersTests */ = {
			isa = PBXGroup;
			children = (
				E9A68D3324EB1645008403BA /* NumbersTests.swift */,
				E9A68D3524EB1645008403BA /* Info.plist */,
			);
			path = NumbersTests;
			sourceTree = "<group>";
		};
		E9A68D3E24EB1780008403BA /* Presentation */ = {
			isa = PBXGroup;
			children = (
				E9A68D5C24EB1D17008403BA /* Explore */,
				E9A68D5D24EB1D1C008403BA /* Details */,
				E9A68D4624EB183A008403BA /* Main.storyboard */,
				E9A68D4324EB1819008403BA /* LaunchScreen.storyboard */,
				E9A68D2024EB1643008403BA /* SplashViewController.swift */,
			);
			path = Presentation;
			sourceTree = "<group>";
		};
		E9A68D3F24EB1789008403BA /* Services */ = {
			isa = PBXGroup;
			children = (
				E9A68D6624EB1F3A008403BA /* ReachabilityService.swift */,
				E9A68D6C24EB3070008403BA /* ReachabilityDefault.swift */,
				E9A68D6B24EB2FD6008403BA /* Reachability.h */,
				E9A68D6924EB2F92008403BA /* Reachability.m */,
				E9A68D6824EB2F91008403BA /* Numbers-Bridging-Header.h */,
			);
			path = Services;
			sourceTree = "<group>";
		};
		E9A68D4024EB17AB008403BA /* DataLayer */ = {
			isa = PBXGroup;
			children = (
			);
			path = DataLayer;
			sourceTree = "<group>";
		};
		E9A68D4124EB17CA008403BA /* External */ = {
			isa = PBXGroup;
			children = (
			);
			path = External;
			sourceTree = "<group>";
		};
		E9A68D4224EB17D2008403BA /* Application */ = {
			isa = PBXGroup;
			children = (
				E9A68D5524EB1A4B008403BA /* Components */,
				E9A68D7924EB3EF7008403BA /* main.swift */,
				E9A68D7124EB39DE008403BA /* ApplicationProtocols.swift */,
				E9A68D7724EB3EE5008403BA /* Application.swift */,
				E9A68D4924EB199D008403BA /* NumbersAppDelegate.swift */,
				E9A68D4B24EB19AD008403BA /* NumbersAppInitializer.swift */,
				E9A68D7324EB3B13008403BA /* NumbersAppWireframe.swift */,
				E9A68D4D24EB19C0008403BA /* NumbersAppPresenter.swift */,
				E9A68D5124EB1A28008403BA /* NumbersAppFactory.swift */,
			);
			path = Application;
			sourceTree = "<group>";
		};
		E9A68D5524EB1A4B008403BA /* Components */ = {
			isa = PBXGroup;
			children = (
				E9A68D5824EB1A85008403BA /* Components.swift */,
				E9A68D5624EB1A5D008403BA /* NetworkingComponents.swift */,
			);
			path = Components;
			sourceTree = "<group>";
		};
		E9A68D5C24EB1D17008403BA /* Explore */ = {
			isa = PBXGroup;
			children = (
				E9A68D6424EB1D44008403BA /* ExploreInterfaces.swift */,
				E9A68D6024EB1D34008403BA /* ExplorePresenter.swift */,
				E9A68D5E24EB1D2A008403BA /* ExploreViewController.swift */,
				E9A68D6224EB1D3B008403BA /* ExploreWireframe.swift */,
			);
			path = Explore;
			sourceTree = "<group>";
		};
		E9A68D5D24EB1D1C008403BA /* Details */ = {
			isa = PBXGroup;
			children = (
			);
			path = Details;
			sourceTree = "<group>";
		};
		E9A68D6E24EB3531008403BA /* Utilities */ = {
			isa = PBXGroup;
			children = (
				E9A68D6F24EB353E008403BA /* Notifier.swift */,
				E9A68D7524EB3B6A008403BA /* Handlers.swift */,
			);
			path = Utilities;
			sourceTree = "<group>";
		};
/* End PBXGroup section */

/* Begin PBXNativeTarget section */
		E9A68D1824EB1643008403BA /* Numbers */ = {
			isa = PBXNativeTarget;
			buildConfigurationList = E9A68D3824EB1645008403BA /* Build configuration list for PBXNativeTarget "Numbers" */;
			buildPhases = (
				E9A68D1524EB1643008403BA /* Sources */,
				E9A68D1624EB1643008403BA /* Frameworks */,
				E9A68D1724EB1643008403BA /* Resources */,
			);
			buildRules = (
			);
			dependencies = (
			);
			name = Numbers;
			productName = Numbers;
			productReference = E9A68D1924EB1643008403BA /* Numbers.app */;
			productType = "com.apple.product-type.application";
		};
		E9A68D2E24EB1645008403BA /* NumbersTests */ = {
			isa = PBXNativeTarget;
			buildConfigurationList = E9A68D3B24EB1645008403BA /* Build configuration list for PBXNativeTarget "NumbersTests" */;
			buildPhases = (
				E9A68D2B24EB1645008403BA /* Sources */,
				E9A68D2C24EB1645008403BA /* Frameworks */,
				E9A68D2D24EB1645008403BA /* Resources */,
			);
			buildRules = (
			);
			dependencies = (
				E9A68D3124EB1645008403BA /* PBXTargetDependency */,
			);
			name = NumbersTests;
			productName = NumbersTests;
			productReference = E9A68D2F24EB1645008403BA /* NumbersTests.xctest */;
			productType = "com.apple.product-type.bundle.unit-test";
		};
/* End PBXNativeTarget section */

/* Begin PBXProject section */
		E9A68D1124EB1643008403BA /* Project object */ = {
			isa = PBXProject;
			attributes = {
				LastSwiftUpdateCheck = 1160;
				LastUpgradeCheck = 1160;
				ORGANIZATIONNAME = "Ilya Semenow";
				TargetAttributes = {
					E9A68D1824EB1643008403BA = {
						CreatedOnToolsVersion = 11.6;
						LastSwiftMigration = 1160;
					};
					E9A68D2E24EB1645008403BA = {
						CreatedOnToolsVersion = 11.6;
						TestTargetID = E9A68D1824EB1643008403BA;
					};
				};
			};
			buildConfigurationList = E9A68D1424EB1643008403BA /* Build configuration list for PBXProject "Numbers" */;
			compatibilityVersion = "Xcode 9.3";
			developmentRegion = en;
			hasScannedForEncodings = 0;
			knownRegions = (
				en,
				Base,
			);
			mainGroup = E9A68D1024EB1643008403BA;
			productRefGroup = E9A68D1A24EB1643008403BA /* Products */;
			projectDirPath = "";
			projectRoot = "";
			targets = (
				E9A68D1824EB1643008403BA /* Numbers */,
				E9A68D2E24EB1645008403BA /* NumbersTests */,
			);
		};
/* End PBXProject section */

/* Begin PBXResourcesBuildPhase section */
		E9A68D1724EB1643008403BA /* Resources */ = {
			isa = PBXResourcesBuildPhase;
			buildActionMask = 2147483647;
			files = (
				E9A68D4824EB183B008403BA /* Main.storyboard in Resources */,
				E9A68D4524EB1819008403BA /* LaunchScreen.storyboard in Resources */,
				E9A68D2624EB1645008403BA /* Assets.xcassets in Resources */,
			);
			runOnlyForDeploymentPostprocessing = 0;
		};
		E9A68D2D24EB1645008403BA /* Resources */ = {
			isa = PBXResourcesBuildPhase;
			buildActionMask = 2147483647;
			files = (
			);
			runOnlyForDeploymentPostprocessing = 0;
		};
/* End PBXResourcesBuildPhase section */

/* Begin PBXSourcesBuildPhase section */
		E9A68D1524EB1643008403BA /* Sources */ = {
			isa = PBXSourcesBuildPhase;
			buildActionMask = 2147483647;
			files = (
				E9A68D6724EB1F3A008403BA /* ReachabilityService.swift in Sources */,
				E9A68D6324EB1D3B008403BA /* ExploreWireframe.swift in Sources */,
				E9A68D6124EB1D34008403BA /* ExplorePresenter.swift in Sources */,
				E9A68D7824EB3EE5008403BA /* Application.swift in Sources */,
				E9A68D6A24EB2F92008403BA /* Reachability.m in Sources */,
				E9A68D5724EB1A5D008403BA /* NetworkingComponents.swift in Sources */,
				E9A68D7A24EB3EF7008403BA /* main.swift in Sources */,
				E9A68D4A24EB199D008403BA /* NumbersAppDelegate.swift in Sources */,
				E9A68D4E24EB19C0008403BA /* NumbersAppPresenter.swift in Sources */,
				E9A68D7624EB3B6A008403BA /* Handlers.swift in Sources */,
				E9A68D6D24EB3070008403BA /* ReachabilityDefault.swift in Sources */,
				E9A68D5224EB1A29008403BA /* NumbersAppFactory.swift in Sources */,
				E9A68D4C24EB19AD008403BA /* NumbersAppInitializer.swift in Sources */,
				E9A68D7424EB3B13008403BA /* NumbersAppWireframe.swift in Sources */,
				E9A68D6524EB1D44008403BA /* ExploreInterfaces.swift in Sources */,
				E9A68D5924EB1A85008403BA /* Components.swift in Sources */,
				E9A68D5F24EB1D2A008403BA /* ExploreViewController.swift in Sources */,
				E9A68D2124EB1643008403BA /* SplashViewController.swift in Sources */,
				E9A68D7224EB39DE008403BA /* ApplicationProtocols.swift in Sources */,
				E9A68D7024EB353E008403BA /* Notifier.swift in Sources */,
			);
			runOnlyForDeploymentPostprocessing = 0;
		};
		E9A68D2B24EB1645008403BA /* Sources */ = {
			isa = PBXSourcesBuildPhase;
			buildActionMask = 2147483647;
			files = (
				E9A68D3424EB1645008403BA /* NumbersTests.swift in Sources */,
			);
			runOnlyForDeploymentPostprocessing = 0;
		};
/* End PBXSourcesBuildPhase section */

/* Begin PBXTargetDependency section */
		E9A68D3124EB1645008403BA /* PBXTargetDependency */ = {
			isa = PBXTargetDependency;
			target = E9A68D1824EB1643008403BA /* Numbers */;
			targetProxy = E9A68D3024EB1645008403BA /* PBXContainerItemProxy */;
		};
/* End PBXTargetDependency section */

/* Begin PBXVariantGroup section */
		E9A68D4324EB1819008403BA /* LaunchScreen.storyboard */ = {
			isa = PBXVariantGroup;
			children = (
				E9A68D4424EB1819008403BA /* Base */,
			);
			name = LaunchScreen.storyboard;
			sourceTree = "<group>";
		};
		E9A68D4624EB183A008403BA /* Main.storyboard */ = {
			isa = PBXVariantGroup;
			children = (
				E9A68D4724EB183A008403BA /* Base */,
			);
			name = Main.storyboard;
			sourceTree = "<group>";
		};
/* End PBXVariantGroup section */

/* Begin XCBuildConfiguration section */
		E9A68D3624EB1645008403BA /* Debug */ = {
			isa = XCBuildConfiguration;
			buildSettings = {
				ALWAYS_SEARCH_USER_PATHS = NO;
				CLANG_ANALYZER_NONNULL = YES;
				CLANG_ANALYZER_NUMBER_OBJECT_CONVERSION = YES_AGGRESSIVE;
				CLANG_CXX_LANGUAGE_STANDARD = "gnu++14";
				CLANG_CXX_LIBRARY = "libc++";
				CLANG_ENABLE_MODULES = YES;
				CLANG_ENABLE_OBJC_ARC = YES;
				CLANG_ENABLE_OBJC_WEAK = YES;
				CLANG_WARN_BLOCK_CAPTURE_AUTORELEASING = YES;
				CLANG_WARN_BOOL_CONVERSION = YES;
				CLANG_WARN_COMMA = YES;
				CLANG_WARN_CONSTANT_CONVERSION = YES;
				CLANG_WARN_DEPRECATED_OBJC_IMPLEMENTATIONS = YES;
				CLANG_WARN_DIRECT_OBJC_ISA_USAGE = YES_ERROR;
				CLANG_WARN_DOCUMENTATION_COMMENTS = YES;
				CLANG_WARN_EMPTY_BODY = YES;
				CLANG_WARN_ENUM_CONVERSION = YES;
				CLANG_WARN_INFINITE_RECURSION = YES;
				CLANG_WARN_INT_CONVERSION = YES;
				CLANG_WARN_NON_LITERAL_NULL_CONVERSION = YES;
				CLANG_WARN_OBJC_IMPLICIT_RETAIN_SELF = YES;
				CLANG_WARN_OBJC_LITERAL_CONVERSION = YES;
				CLANG_WARN_OBJC_ROOT_CLASS = YES_ERROR;
				CLANG_WARN_RANGE_LOOP_ANALYSIS = YES;
				CLANG_WARN_STRICT_PROTOTYPES = YES;
				CLANG_WARN_SUSPICIOUS_MOVE = YES;
				CLANG_WARN_UNGUARDED_AVAILABILITY = YES_AGGRESSIVE;
				CLANG_WARN_UNREACHABLE_CODE = YES;
				CLANG_WARN__DUPLICATE_METHOD_MATCH = YES;
				COPY_PHASE_STRIP = NO;
				DEBUG_INFORMATION_FORMAT = dwarf;
				ENABLE_STRICT_OBJC_MSGSEND = YES;
				ENABLE_TESTABILITY = YES;
				GCC_C_LANGUAGE_STANDARD = gnu11;
				GCC_DYNAMIC_NO_PIC = NO;
				GCC_NO_COMMON_BLOCKS = YES;
				GCC_OPTIMIZATION_LEVEL = 0;
				GCC_PREPROCESSOR_DEFINITIONS = (
					"DEBUG=1",
					"$(inherited)",
				);
				GCC_WARN_64_TO_32_BIT_CONVERSION = YES;
				GCC_WARN_ABOUT_RETURN_TYPE = YES_ERROR;
				GCC_WARN_UNDECLARED_SELECTOR = YES;
				GCC_WARN_UNINITIALIZED_AUTOS = YES_AGGRESSIVE;
				GCC_WARN_UNUSED_FUNCTION = YES;
				GCC_WARN_UNUSED_VARIABLE = YES;
				IPHONEOS_DEPLOYMENT_TARGET = 13.6;
				MTL_ENABLE_DEBUG_INFO = INCLUDE_SOURCE;
				MTL_FAST_MATH = YES;
				ONLY_ACTIVE_ARCH = YES;
				SDKROOT = iphoneos;
				SWIFT_ACTIVE_COMPILATION_CONDITIONS = DEBUG;
				SWIFT_OPTIMIZATION_LEVEL = "-Onone";
			};
			name = Debug;
		};
		E9A68D3724EB1645008403BA /* Release */ = {
			isa = XCBuildConfiguration;
			buildSettings = {
				ALWAYS_SEARCH_USER_PATHS = NO;
				CLANG_ANALYZER_NONNULL = YES;
				CLANG_ANALYZER_NUMBER_OBJECT_CONVERSION = YES_AGGRESSIVE;
				CLANG_CXX_LANGUAGE_STANDARD = "gnu++14";
				CLANG_CXX_LIBRARY = "libc++";
				CLANG_ENABLE_MODULES = YES;
				CLANG_ENABLE_OBJC_ARC = YES;
				CLANG_ENABLE_OBJC_WEAK = YES;
				CLANG_WARN_BLOCK_CAPTURE_AUTORELEASING = YES;
				CLANG_WARN_BOOL_CONVERSION = YES;
				CLANG_WARN_COMMA = YES;
				CLANG_WARN_CONSTANT_CONVERSION = YES;
				CLANG_WARN_DEPRECATED_OBJC_IMPLEMENTATIONS = YES;
				CLANG_WARN_DIRECT_OBJC_ISA_USAGE = YES_ERROR;
				CLANG_WARN_DOCUMENTATION_COMMENTS = YES;
				CLANG_WARN_EMPTY_BODY = YES;
				CLANG_WARN_ENUM_CONVERSION = YES;
				CLANG_WARN_INFINITE_RECURSION = YES;
				CLANG_WARN_INT_CONVERSION = YES;
				CLANG_WARN_NON_LITERAL_NULL_CONVERSION = YES;
				CLANG_WARN_OBJC_IMPLICIT_RETAIN_SELF = YES;
				CLANG_WARN_OBJC_LITERAL_CONVERSION = YES;
				CLANG_WARN_OBJC_ROOT_CLASS = YES_ERROR;
				CLANG_WARN_RANGE_LOOP_ANALYSIS = YES;
				CLANG_WARN_STRICT_PROTOTYPES = YES;
				CLANG_WARN_SUSPICIOUS_MOVE = YES;
				CLANG_WARN_UNGUARDED_AVAILABILITY = YES_AGGRESSIVE;
				CLANG_WARN_UNREACHABLE_CODE = YES;
				CLANG_WARN__DUPLICATE_METHOD_MATCH = YES;
				COPY_PHASE_STRIP = NO;
				DEBUG_INFORMATION_FORMAT = "dwarf-with-dsym";
				ENABLE_NS_ASSERTIONS = NO;
				ENABLE_STRICT_OBJC_MSGSEND = YES;
				GCC_C_LANGUAGE_STANDARD = gnu11;
				GCC_NO_COMMON_BLOCKS = YES;
				GCC_WARN_64_TO_32_BIT_CONVERSION = YES;
				GCC_WARN_ABOUT_RETURN_TYPE = YES_ERROR;
				GCC_WARN_UNDECLARED_SELECTOR = YES;
				GCC_WARN_UNINITIALIZED_AUTOS = YES_AGGRESSIVE;
				GCC_WARN_UNUSED_FUNCTION = YES;
				GCC_WARN_UNUSED_VARIABLE = YES;
				IPHONEOS_DEPLOYMENT_TARGET = 13.6;
				MTL_ENABLE_DEBUG_INFO = NO;
				MTL_FAST_MATH = YES;
				SDKROOT = iphoneos;
				SWIFT_COMPILATION_MODE = wholemodule;
				SWIFT_OPTIMIZATION_LEVEL = "-O";
				VALIDATE_PRODUCT = YES;
			};
			name = Release;
		};
		E9A68D3924EB1645008403BA /* Debug */ = {
			isa = XCBuildConfiguration;
			buildSettings = {
				ASSETCATALOG_COMPILER_APPICON_NAME = AppIcon;
				CLANG_ENABLE_MODULES = YES;
				CODE_SIGN_STYLE = Automatic;
				INFOPLIST_FILE = Numbers/Info.plist;
				IPHONEOS_DEPLOYMENT_TARGET = 11.0;
				LD_RUNPATH_SEARCH_PATHS = (
					"$(inherited)",
					"@executable_path/Frameworks",
				);
				PRODUCT_BUNDLE_IDENTIFIER = com.yourcompany.Numbers;
				PRODUCT_NAME = "$(TARGET_NAME)";
				SWIFT_OBJC_BRIDGING_HEADER = "Numbers/Services/Numbers-Bridging-Header.h";
				SWIFT_OPTIMIZATION_LEVEL = "-Onone";
				SWIFT_VERSION = 5.0;
				TARGETED_DEVICE_FAMILY = "1,2";
			};
			name = Debug;
		};
		E9A68D3A24EB1645008403BA /* Release */ = {
			isa = XCBuildConfiguration;
			buildSettings = {
				ASSETCATALOG_COMPILER_APPICON_NAME = AppIcon;
				CLANG_ENABLE_MODULES = YES;
				CODE_SIGN_STYLE = Automatic;
				INFOPLIST_FILE = Numbers/Info.plist;
				IPHONEOS_DEPLOYMENT_TARGET = 11.0;
				LD_RUNPATH_SEARCH_PATHS = (
					"$(inherited)",
					"@executable_path/Frameworks",
				);
				PRODUCT_BUNDLE_IDENTIFIER = com.yourcompany.Numbers;
				PRODUCT_NAME = "$(TARGET_NAME)";
				SWIFT_OBJC_BRIDGING_HEADER = "Numbers/Services/Numbers-Bridging-Header.h";
				SWIFT_VERSION = 5.0;
				TARGETED_DEVICE_FAMILY = "1,2";
			};
			name = Release;
		};
		E9A68D3C24EB1645008403BA /* Debug */ = {
			isa = XCBuildConfiguration;
			buildSettings = {
				ALWAYS_EMBED_SWIFT_STANDARD_LIBRARIES = YES;
				BUNDLE_LOADER = "$(TEST_HOST)";
				CODE_SIGN_STYLE = Automatic;
				INFOPLIST_FILE = NumbersTests/Info.plist;
				IPHONEOS_DEPLOYMENT_TARGET = 13.6;
				LD_RUNPATH_SEARCH_PATHS = (
					"$(inherited)",
					"@executable_path/Frameworks",
					"@loader_path/Frameworks",
				);
				PRODUCT_BUNDLE_IDENTIFIER = com.yourcompany.NumbersTests;
				PRODUCT_NAME = "$(TARGET_NAME)";
				SWIFT_VERSION = 5.0;
				TARGETED_DEVICE_FAMILY = "1,2";
				TEST_HOST = "$(BUILT_PRODUCTS_DIR)/Numbers.app/Numbers";
			};
			name = Debug;
		};
		E9A68D3D24EB1645008403BA /* Release */ = {
			isa = XCBuildConfiguration;
			buildSettings = {
				ALWAYS_EMBED_SWIFT_STANDARD_LIBRARIES = YES;
				BUNDLE_LOADER = "$(TEST_HOST)";
				CODE_SIGN_STYLE = Automatic;
				INFOPLIST_FILE = NumbersTests/Info.plist;
				IPHONEOS_DEPLOYMENT_TARGET = 13.6;
				LD_RUNPATH_SEARCH_PATHS = (
					"$(inherited)",
					"@executable_path/Frameworks",
					"@loader_path/Frameworks",
				);
				PRODUCT_BUNDLE_IDENTIFIER = com.yourcompany.NumbersTests;
				PRODUCT_NAME = "$(TARGET_NAME)";
				SWIFT_VERSION = 5.0;
				TARGETED_DEVICE_FAMILY = "1,2";
				TEST_HOST = "$(BUILT_PRODUCTS_DIR)/Numbers.app/Numbers";
			};
			name = Release;
		};
/* End XCBuildConfiguration section */

/* Begin XCConfigurationList section */
		E9A68D1424EB1643008403BA /* Build configuration list for PBXProject "Numbers" */ = {
			isa = XCConfigurationList;
			buildConfigurations = (
				E9A68D3624EB1645008403BA /* Debug */,
				E9A68D3724EB1645008403BA /* Release */,
			);
			defaultConfigurationIsVisible = 0;
			defaultConfigurationName = Release;
		};
		E9A68D3824EB1645008403BA /* Build configuration list for PBXNativeTarget "Numbers" */ = {
			isa = XCConfigurationList;
			buildConfigurations = (
				E9A68D3924EB1645008403BA /* Debug */,
				E9A68D3A24EB1645008403BA /* Release */,
			);
			defaultConfigurationIsVisible = 0;
			defaultConfigurationName = Release;
		};
		E9A68D3B24EB1645008403BA /* Build configuration list for PBXNativeTarget "NumbersTests" */ = {
			isa = XCConfigurationList;
			buildConfigurations = (
				E9A68D3C24EB1645008403BA /* Debug */,
				E9A68D3D24EB1645008403BA /* Release */,
			);
			defaultConfigurationIsVisible = 0;
			defaultConfigurationName = Release;
		};
/* End XCConfigurationList section */
	};
	rootObject = E9A68D1124EB1643008403BA /* Project object */;
}
